
Microsoft Visual Studio Solution File, Format Version 12.00
# Visual Studio Version 16
VisualStudioVersion = 16.0.30804.86
MinimumVisualStudioVersion = 10.0.40219.1
Project("{FAE04EC0-301F-11D3-BF4B-00C04F79EFBC}") = "Exemplo3.Android", "Exemplo3.Android\Exemplo3.Android.csproj", "{A5569E90-C118-49A3-BE98-DE33C381BF2E}"
EndProject
Project("{FAE04EC0-301F-11D3-BF4B-00C04F79EFBC}") = "Exemplo3.iOS", "Exemplo3.iOS\Exemplo3.iOS.csproj", "{70D83C12-F260-41C2-9C37-46B366CCBB44}"
EndProject
Project("{FAE04EC0-301F-11D3-BF4B-00C04F79EFBC}") = "Exemplo3", "Exemplo3\Exemplo3.csproj", "{CBC18CC5-556A-4477-BA50-64BD13EE0223}"
EndProject
Global
	GlobalSection(SolutionConfigurationPlatforms) = preSolution
		Debug|Any CPU = Debug|Any CPU
		Debug|iPhone = Debug|iPhone
		Debug|iPhoneSimulator = Debug|iPhoneSimulator
		Release|Any CPU = Release|Any CPU
		Release|iPhone = Release|iPhone
		Release|iPhoneSimulator = Release|iPhoneSimulator
	EndGlobalSection
	GlobalSection(ProjectConfigurationPlatforms) = postSolution
		{A5569E90-C118-49A3-BE98-DE33C381BF2E}.Debug|Any CPU.ActiveCfg = Debug|Any CPU
		{A5569E90-C118-49A3-BE98-DE33C381BF2E}.Debug|Any CPU.Build.0 = Debug|Any CPU
		{A5569E90-C118-49A3-BE98-DE33C381BF2E}.Debug|Any CPU.Deploy.0 = Debug|Any CPU
		{A5569E90-C118-49A3-BE98-DE33C381BF2E}.Debug|iPhone.ActiveCfg = Debug|Any CPU
		{A5569E90-C118-49A3-BE98-DE33C381BF2E}.Debug|iPhone.Build.0 = Debug|Any CPU
		{A5569E90-C118-49A3-BE98-DE33C381BF2E}.Debug|iPhone.Deploy.0 = Debug|Any CPU
		{A5569E90-C118-49A3-BE98-DE33C381BF2E}.Debug|iPhoneSimulator.ActiveCfg = Debug|Any CPU
		{A5569E90-C118-49A3-BE98-DE33C381BF2E}.Debug|iPhoneSimulator.Build.0 = Debug|Any CPU
		{A5569E90-C118-49A3-BE98-DE33C381BF2E}.Debug|iPhoneSimulator.Deploy.0 = Debug|Any CPU
		{A5569E90-C118-49A3-BE98-DE33C381BF2E}.Release|Any CPU.ActiveCfg = Release|Any CPU
		{A5569E90-C118-49A3-BE98-DE33C381BF2E}.Release|Any CPU.Build.0 = Release|Any CPU
		{A5569E90-C118-49A3-BE98-DE33C381BF2E}.Release|Any CPU.Deploy.0 = Release|Any CPU
		{A5569E90-C118-49A3-BE98-DE33C381BF2E}.Release|iPhone.ActiveCfg = Release|Any CPU
		{A5569E90-C118-49A3-BE98-DE33C381BF2E}.Release|iPhone.Build.0 = Release|Any CPU
		{A5569E90-C118-49A3-BE98-DE33C381BF2E}.Release|iPhone.Deploy.0 = Release|Any CPU
		{A5569E90-C118-49A3-BE98-DE33C381BF2E}.Release|iPhoneSimulator.ActiveCfg = Release|Any CPU
		{A5569E90-C118-49A3-BE98-DE33C381BF2E}.Release|iPhoneSimulator.Build.0 = Release|Any CPU
		{A5569E90-C118-49A3-BE98-DE33C381BF2E}.Release|iPhoneSimulator.Deploy.0 = Release|Any CPU
		{70D83C12-F260-41C2-9C37-46B366CCBB44}.Debug|Any CPU.ActiveCfg = Debug|iPhone
		{70D83C12-F260-41C2-9C37-46B366CCBB44}.Debug|Any CPU.Build.0 = Debug|iPhone
		{70D83C12-F260-41C2-9C37-46B366CCBB44}.Debug|Any CPU.Deploy.0 = Debug|iPhone
		{70D83C12-F260-41C2-9C37-46B366CCBB44}.Debug|iPhone.ActiveCfg = Debug|iPhone
		{70D83C12-F260-41C2-9C37-46B366CCBB44}.Debug|iPhone.Build.0 = Debug|iPhone
		{70D83C12-F260-41C2-9C37-46B366CCBB44}.Debug|iPhone.Deploy.0 = Debug|iPhone
		{70D83C12-F260-41C2-9C37-46B366CCBB44}.Debug|iPhoneSimulator.ActiveCfg = Debug|iPhoneSimulator
		{70D83C12-F260-41C2-9C37-46B366CCBB44}.Debug|iPhoneSimulator.Build.0 = Debug|iPhoneSimulator
		{70D83C12-F260-41C2-9C37-46B366CCBB44}.Debug|iPhoneSimulator.Deploy.0 = Debug|iPhoneSimulator
		{70D83C12-F260-41C2-9C37-46B366CCBB44}.Release|Any CPU.ActiveCfg = Release|iPhoneSimulator
		{70D83C12-F260-41C2-9C37-46B366CCBB44}.Release|Any CPU.Build.0 = Release|iPhoneSimulator
		{70D83C12-F260-41C2-9C37-46B366CCBB44}.Release|Any CPU.Deploy.0 = Release|iPhoneSimulator
		{70D83C12-F260-41C2-9C37-46B366CCBB44}.Release|iPhone.ActiveCfg = Release|iPhone
		{70D83C12-F260-41C2-9C37-46B366CCBB44}.Release|iPhone.Build.0 = Release|iPhone
		{70D83C12-F260-41C2-9C37-46B366CCBB44}.Release|iPhone.Deploy.0 = Release|iPhone
		{70D83C12-F260-41C2-9C37-46B366CCBB44}.Release|iPhoneSimulator.ActiveCfg = Release|iPhoneSimulator
		{70D83C12-F260-41C2-9C37-46B366CCBB44}.Release|iPhoneSimulator.Build.0 = Release|iPhoneSimulator
		{70D83C12-F260-41C2-9C37-46B366CCBB44}.Release|iPhoneSimulator.Deploy.0 = Release|iPhoneSimulator
		{CBC18CC5-556A-4477-BA50-64BD13EE0223}.Debug|Any CPU.ActiveCfg = Debug|Any CPU
		{CBC18CC5-556A-4477-BA50-64BD13EE0223}.Debug|Any CPU.Build.0 = Debug|Any CPU
		{CBC18CC5-556A-4477-BA50-64BD13EE0223}.Debug|Any CPU.Deploy.0 = Debug|Any CPU
		{CBC18CC5-556A-4477-BA50-64BD13EE0223}.Debug|iPhone.ActiveCfg = Debug|Any CPU
		{CBC18CC5-556A-4477-BA50-64BD13EE0223}.Debug|iPhone.Build.0 = Debug|Any CPU
		{CBC18CC5-556A-4477-BA50-64BD13EE0223}.Debug|iPhone.Deploy.0 = Debug|Any CPU
		{CBC18CC5-556A-4477-BA50-64BD13EE0223}.Debug|iPhoneSimulator.ActiveCfg = Debug|Any CPU
		{CBC18CC5-556A-4477-BA50-64BD13EE0223}.Debug|iPhoneSimulator.Build.0 = Debug|Any CPU
		{CBC18CC5-556A-4477-BA50-64BD13EE0223}.Debug|iPhoneSimulator.Deploy.0 = Debug|Any CPU
		{CBC18CC5-556A-4477-BA50-64BD13EE0223}.Release|Any CPU.ActiveCfg = Release|Any CPU
		{CBC18CC5-556A-4477-BA50-64BD13EE0223}.Release|Any CPU.Build.0 = Release|Any CPU
		{CBC18CC5-556A-4477-BA50-64BD13EE0223}.Release|Any CPU.Deploy.0 = Release|Any CPU
		{CBC18CC5-556A-4477-BA50-64BD13EE0223}.Release|iPhone.ActiveCfg = Release|Any CPU
		{CBC18CC5-556A-4477-BA50-64BD13EE0223}.Release|iPhone.Build.0 = Release|Any CPU
		{CBC18CC5-556A-4477-BA50-64BD13EE0223}.Release|iPhone.Deploy.0 = Release|Any CPU
		{CBC18CC5-556A-4477-BA50-64BD13EE0223}.Release|iPhoneSimulator.ActiveCfg = Release|Any CPU
		{CBC18CC5-556A-4477-BA50-64BD13EE0223}.Release|iPhoneSimulator.Build.0 = Release|Any CPU
		{CBC18CC5-556A-4477-BA50-64BD13EE0223}.Release|iPhoneSimulator.Deploy.0 = Release|Any CPU
	EndGlobalSection
	GlobalSection(SolutionProperties) = preSolution
		HideSolutionNode = FALSE
	EndGlobalSection
	GlobalSection(ExtensibilityGlobals) = postSolution
		SolutionGuid = {4D16BED5-4ACA-4B0C-AEC2-607AFAB32DE4}
	EndGlobalSection
EndGlobal
